
Microsoft Visual Studio Solution File, Format Version 12.00
# Visual Studio 14
VisualStudioVersion = 14.0.24720.0
MinimumVisualStudioVersion = 10.0.40219.1
Project("{FAE04EC0-301F-11D3-BF4B-00C04F79EFBC}") = "IniFile", "IniFile\IniFile.csproj", "{2202A495-80F8-43AE-820F-D85FE50812C3}"
EndProject
Project("{FAE04EC0-301F-11D3-BF4B-00C04F79EFBC}") = "IniFile.Tests", "IniFile.Tests\IniFile.Tests.csproj", "{977788D4-0A96-4875-A786-150E9EF99BF4}"
EndProject
Project("{2150E333-8FDC-42A3-9474-1A3956D46DE8}") = "Misc Files", "Misc Files", "{6C4791F5-608E-41B3-AB64-CFB3E6BBBE8D}"
	ProjectSection(SolutionItems) = preProject
		.gitignore = .gitignore
		README.md = README.md
	EndProjectSection
EndProject
Global
	GlobalSection(SolutionConfigurationPlatforms) = preSolution
		Debug|Any CPU = Debug|Any CPU
		Release|Any CPU = Release|Any CPU
	EndGlobalSection
	GlobalSection(ProjectConfigurationPlatforms) = postSolution
		{2202A495-80F8-43AE-820F-D85FE50812C3}.Debug|Any CPU.ActiveCfg = Debug|Any CPU
		{2202A495-80F8-43AE-820F-D85FE50812C3}.Debug|Any CPU.Build.0 = Debug|Any CPU
		{2202A495-80F8-43AE-820F-D85FE50812C3}.Release|Any CPU.ActiveCfg = Release|Any CPU
		{2202A495-80F8-43AE-820F-D85FE50812C3}.Release|Any CPU.Build.0 = Release|Any CPU
		{977788D4-0A96-4875-A786-150E9EF99BF4}.Debug|Any CPU.ActiveCfg = Debug|Any CPU
		{977788D4-0A96-4875-A786-150E9EF99BF4}.Debug|Any CPU.Build.0 = Debug|Any CPU
		{977788D4-0A96-4875-A786-150E9EF99BF4}.Release|Any CPU.ActiveCfg = Release|Any CPU
		{977788D4-0A96-4875-A786-150E9EF99BF4}.Release|Any CPU.Build.0 = Release|Any CPU
	EndGlobalSection
	GlobalSection(SolutionProperties) = preSolution
		HideSolutionNode = FALSE
	EndGlobalSection
EndGlobal
